// !$*UTF8*$!
{
	archiveVersion = 1;
	classes = {
	};
	objectVersion = 55;
	objects = {

/* Begin PBXBuildFile section */
		7F6AB73D27AB5E9200E0845C /* ArtCollectionCell.swift in Sources */ = {isa = PBXBuildFile; fileRef = 7F6AB73B27AB5E9200E0845C /* ArtCollectionCell.swift */; };
		7F6AB73E27AB5E9200E0845C /* ArtCollectionCell.xib in Resources */ = {isa = PBXBuildFile; fileRef = 7F6AB73C27AB5E9200E0845C /* ArtCollectionCell.xib */; };
		7F6AB74127AB6C0B00E0845C /* UIViewController + Preview.swift in Sources */ = {isa = PBXBuildFile; fileRef = 7F6AB74027AB6C0B00E0845C /* UIViewController + Preview.swift */; };
		7F6F208627978C7A00636A3B /* AppDelegate.swift in Sources */ = {isa = PBXBuildFile; fileRef = 7F6F208527978C7A00636A3B /* AppDelegate.swift */; };
		7F6F208827978C7A00636A3B /* art.scnassets in Resources */ = {isa = PBXBuildFile; fileRef = 7F6F208727978C7A00636A3B /* art.scnassets */; };
		7F6F208A27978C7A00636A3B /* ArtViewController.swift in Sources */ = {isa = PBXBuildFile; fileRef = 7F6F208927978C7A00636A3B /* ArtViewController.swift */; };
		7F6F208D27978C7A00636A3B /* Main.storyboard in Resources */ = {isa = PBXBuildFile; fileRef = 7F6F208B27978C7A00636A3B /* Main.storyboard */; };
		7F6F208F27978C7C00636A3B /* Assets.xcassets in Resources */ = {isa = PBXBuildFile; fileRef = 7F6F208E27978C7C00636A3B /* Assets.xcassets */; };
		7F6F209227978C7C00636A3B /* LaunchScreen.storyboard in Resources */ = {isa = PBXBuildFile; fileRef = 7F6F209027978C7C00636A3B /* LaunchScreen.storyboard */; };
		7F825EDF27A3768400FF9838 /* HomeViewController.swift in Sources */ = {isa = PBXBuildFile; fileRef = 7F825EDE27A3768400FF9838 /* HomeViewController.swift */; };
		7FA0260A2797EE9500BB7093 /* make-me-feel.mp3 in Resources */ = {isa = PBXBuildFile; fileRef = 7FA026092797EE9500BB7093 /* make-me-feel.mp3 */; };
		7FA0260C2797F44500BB7093 /* AudioPlayer.swift in Sources */ = {isa = PBXBuildFile; fileRef = 7FA0260B2797F44500BB7093 /* AudioPlayer.swift */; };
		7FF1B95127AB80850062895E /* UIView + Preview.swift in Sources */ = {isa = PBXBuildFile; fileRef = 7FF1B95027AB80850062895E /* UIView + Preview.swift */; };
		7FF1B98127ABBD830062895E /* HeadNavigationBar.swift in Sources */ = {isa = PBXBuildFile; fileRef = 7FF1B97F27ABBD820062895E /* HeadNavigationBar.swift */; };
		7FF1B98227ABBD830062895E /* HeadNavigationBar.xib in Resources */ = {isa = PBXBuildFile; fileRef = 7FF1B98027ABBD820062895E /* HeadNavigationBar.xib */; };
		7FF1B98527ABC09C0062895E /* AppTheme.swift in Sources */ = {isa = PBXBuildFile; fileRef = 7FF1B98427ABC09C0062895E /* AppTheme.swift */; };
/* End PBXBuildFile section */

/* Begin PBXFileReference section */
		7F6AB73B27AB5E9200E0845C /* ArtCollectionCell.swift */ = {isa = PBXFileReference; lastKnownFileType = sourcecode.swift; path = ArtCollectionCell.swift; sourceTree = "<group>"; };
		7F6AB73C27AB5E9200E0845C /* ArtCollectionCell.xib */ = {isa = PBXFileReference; lastKnownFileType = file.xib; path = ArtCollectionCell.xib; sourceTree = "<group>"; };
		7F6AB74027AB6C0B00E0845C /* UIViewController + Preview.swift */ = {isa = PBXFileReference; lastKnownFileType = sourcecode.swift; path = "UIViewController + Preview.swift"; sourceTree = "<group>"; };
		7F6F208227978C7A00636A3B /* PentasReality.app */ = {isa = PBXFileReference; explicitFileType = wrapper.application; includeInIndex = 0; path = PentasReality.app; sourceTree = BUILT_PRODUCTS_DIR; };
		7F6F208527978C7A00636A3B /* AppDelegate.swift */ = {isa = PBXFileReference; lastKnownFileType = sourcecode.swift; path = AppDelegate.swift; sourceTree = "<group>"; };
		7F6F208727978C7A00636A3B /* art.scnassets */ = {isa = PBXFileReference; lastKnownFileType = wrapper.scnassets; path = art.scnassets; sourceTree = "<group>"; };
		7F6F208927978C7A00636A3B /* ArtViewController.swift */ = {isa = PBXFileReference; lastKnownFileType = sourcecode.swift; path = ArtViewController.swift; sourceTree = "<group>"; };
		7F6F208C27978C7A00636A3B /* Base */ = {isa = PBXFileReference; lastKnownFileType = file.storyboard; name = Base; path = Base.lproj/Main.storyboard; sourceTree = "<group>"; };
		7F6F208E27978C7C00636A3B /* Assets.xcassets */ = {isa = PBXFileReference; lastKnownFileType = folder.assetcatalog; path = Assets.xcassets; sourceTree = "<group>"; };
		7F6F209127978C7C00636A3B /* Base */ = {isa = PBXFileReference; lastKnownFileType = file.storyboard; name = Base; path = Base.lproj/LaunchScreen.storyboard; sourceTree = "<group>"; };
		7F825EDE27A3768400FF9838 /* HomeViewController.swift */ = {isa = PBXFileReference; lastKnownFileType = sourcecode.swift; path = HomeViewController.swift; sourceTree = "<group>"; };
		7FA026092797EE9500BB7093 /* make-me-feel.mp3 */ = {isa = PBXFileReference; lastKnownFileType = audio.mp3; path = "make-me-feel.mp3"; sourceTree = "<group>"; };
		7FA0260B2797F44500BB7093 /* AudioPlayer.swift */ = {isa = PBXFileReference; lastKnownFileType = sourcecode.swift; path = AudioPlayer.swift; sourceTree = "<group>"; };
		7FF1B95027AB80850062895E /* UIView + Preview.swift */ = {isa = PBXFileReference; lastKnownFileType = sourcecode.swift; path = "UIView + Preview.swift"; sourceTree = "<group>"; };
		7FF1B97F27ABBD820062895E /* HeadNavigationBar.swift */ = {isa = PBXFileReference; lastKnownFileType = sourcecode.swift; path = HeadNavigationBar.swift; sourceTree = "<group>"; };
		7FF1B98027ABBD820062895E /* HeadNavigationBar.xib */ = {isa = PBXFileReference; lastKnownFileType = file.xib; path = HeadNavigationBar.xib; sourceTree = "<group>"; };
		7FF1B98427ABC09C0062895E /* AppTheme.swift */ = {isa = PBXFileReference; lastKnownFileType = sourcecode.swift; path = AppTheme.swift; sourceTree = "<group>"; };
/* End PBXFileReference section */

/* Begin PBXFrameworksBuildPhase section */
		7F6F207F27978C7A00636A3B /* Frameworks */ = {
			isa = PBXFrameworksBuildPhase;
			buildActionMask = 2147483647;
			files = (
			);
			runOnlyForDeploymentPostprocessing = 0;
		};
/* End PBXFrameworksBuildPhase section */

/* Begin PBXGroup section */
		7F6AB73F27AB6BE400E0845C /* Extensions */ = {
			isa = PBXGroup;
			children = (
				7F6AB74027AB6C0B00E0845C /* UIViewController + Preview.swift */,
				7FF1B95027AB80850062895E /* UIView + Preview.swift */,
			);
			path = Extensions;
			sourceTree = "<group>";
		};
		7F6F207927978C7A00636A3B = {
			isa = PBXGroup;
			children = (
				7F6F208427978C7A00636A3B /* PentasReality */,
				7F6F208327978C7A00636A3B /* Products */,
			);
			sourceTree = "<group>";
		};
		7F6F208327978C7A00636A3B /* Products */ = {
			isa = PBXGroup;
			children = (
				7F6F208227978C7A00636A3B /* PentasReality.app */,
			);
			name = Products;
			sourceTree = "<group>";
		};
		7F6F208427978C7A00636A3B /* PentasReality */ = {
			isa = PBXGroup;
			children = (
				7FF1B98327ABC0860062895E /* Util */,
				7FF1B97D27ABBD4E0062895E /* Custom */,
				7F6AB73F27AB6BE400E0845C /* Extensions */,
				7F6F208527978C7A00636A3B /* AppDelegate.swift */,
				7FA0260D27980DD500BB7093 /* Audio */,
				7FF1B95327AB83F30062895E /* Scene */,
				7F6F208727978C7A00636A3B /* art.scnassets */,
				7F6F208927978C7A00636A3B /* ArtViewController.swift */,
				7F6F208E27978C7C00636A3B /* Assets.xcassets */,
				7FA0260B2797F44500BB7093 /* AudioPlayer.swift */,
				7F825EDE27A3768400FF9838 /* HomeViewController.swift */,
			);
			path = PentasReality;
			sourceTree = "<group>";
		};
		7FA0260D27980DD500BB7093 /* Audio */ = {
			isa = PBXGroup;
			children = (
				7FA026092797EE9500BB7093 /* make-me-feel.mp3 */,
			);
			path = Audio;
			sourceTree = "<group>";
		};
		7FF1B95227AB83D90062895E /* CollectionCell */ = {
			isa = PBXGroup;
			children = (
				7F6AB73B27AB5E9200E0845C /* ArtCollectionCell.swift */,
				7F6AB73C27AB5E9200E0845C /* ArtCollectionCell.xib */,
			);
			path = CollectionCell;
			sourceTree = "<group>";
		};
		7FF1B95327AB83F30062895E /* Scene */ = {
			isa = PBXGroup;
			children = (
				7F6F208B27978C7A00636A3B /* Main.storyboard */,
				7F6F209027978C7C00636A3B /* LaunchScreen.storyboard */,
			);
			path = Scene;
			sourceTree = "<group>";
		};
		7FF1B97D27ABBD4E0062895E /* Custom */ = {
			isa = PBXGroup;
			children = (
				7FF1B95227AB83D90062895E /* CollectionCell */,
				7FF1B97E27ABBD550062895E /* NavigationBar */,
			);
			path = Custom;
			sourceTree = "<group>";
		};
		7FF1B97E27ABBD550062895E /* NavigationBar */ = {
			isa = PBXGroup;
			children = (
				7FF1B97F27ABBD820062895E /* HeadNavigationBar.swift */,
				7FF1B98027ABBD820062895E /* HeadNavigationBar.xib */,
			);
			path = NavigationBar;
			sourceTree = "<group>";
		};
		7FF1B98327ABC0860062895E /* Util */ = {
			isa = PBXGroup;
			children = (
				7FF1B98427ABC09C0062895E /* AppTheme.swift */,
			);
			path = Util;
			sourceTree = "<group>";
		};
/* End PBXGroup section */

/* Begin PBXNativeTarget section */
		7F6F208127978C7A00636A3B /* PentasReality */ = {
			isa = PBXNativeTarget;
			buildConfigurationList = 7F6F209527978C7C00636A3B /* Build configuration list for PBXNativeTarget "PentasReality" */;
			buildPhases = (
				7F6F207E27978C7A00636A3B /* Sources */,
				7F6F207F27978C7A00636A3B /* Frameworks */,
				7F6F208027978C7A00636A3B /* Resources */,
			);
			buildRules = (
			);
			dependencies = (
			);
			name = PentasReality;
			productName = PentasReality;
			productReference = 7F6F208227978C7A00636A3B /* PentasReality.app */;
			productType = "com.apple.product-type.application";
		};
/* End PBXNativeTarget section */

/* Begin PBXProject section */
		7F6F207A27978C7A00636A3B /* Project object */ = {
			isa = PBXProject;
			attributes = {
				BuildIndependentTargetsInParallel = 1;
				LastSwiftUpdateCheck = 1320;
				LastUpgradeCheck = 1320;
				TargetAttributes = {
					7F6F208127978C7A00636A3B = {
						CreatedOnToolsVersion = 13.2;
					};
				};
			};
			buildConfigurationList = 7F6F207D27978C7A00636A3B /* Build configuration list for PBXProject "PentasReality" */;
			compatibilityVersion = "Xcode 13.0";
			developmentRegion = en;
			hasScannedForEncodings = 0;
			knownRegions = (
				en,
				Base,
			);
			mainGroup = 7F6F207927978C7A00636A3B;
			productRefGroup = 7F6F208327978C7A00636A3B /* Products */;
			projectDirPath = "";
			projectRoot = "";
			targets = (
				7F6F208127978C7A00636A3B /* PentasReality */,
			);
		};
/* End PBXProject section */

/* Begin PBXResourcesBuildPhase section */
		7F6F208027978C7A00636A3B /* Resources */ = {
			isa = PBXResourcesBuildPhase;
			buildActionMask = 2147483647;
			files = (
				7FF1B98227ABBD830062895E /* HeadNavigationBar.xib in Resources */,
				7F6F208827978C7A00636A3B /* art.scnassets in Resources */,
				7F6AB73E27AB5E9200E0845C /* ArtCollectionCell.xib in Resources */,
				7F6F209227978C7C00636A3B /* LaunchScreen.storyboard in Resources */,
				7FA0260A2797EE9500BB7093 /* make-me-feel.mp3 in Resources */,
				7F6F208F27978C7C00636A3B /* Assets.xcassets in Resources */,
				7F6F208D27978C7A00636A3B /* Main.storyboard in Resources */,
			);
			runOnlyForDeploymentPostprocessing = 0;
		};
/* End PBXResourcesBuildPhase section */

/* Begin PBXSourcesBuildPhase section */
		7F6F207E27978C7A00636A3B /* Sources */ = {
			isa = PBXSourcesBuildPhase;
			buildActionMask = 2147483647;
			files = (
				7F6F208A27978C7A00636A3B /* ArtViewController.swift in Sources */,
				7FF1B98127ABBD830062895E /* HeadNavigationBar.swift in Sources */,
				7F6AB73D27AB5E9200E0845C /* ArtCollectionCell.swift in Sources */,
				7FF1B98527ABC09C0062895E /* AppTheme.swift in Sources */,
				7F6AB74127AB6C0B00E0845C /* UIViewController + Preview.swift in Sources */,
				7F6F208627978C7A00636A3B /* AppDelegate.swift in Sources */,
				7F825EDF27A3768400FF9838 /* HomeViewController.swift in Sources */,
				7FA0260C2797F44500BB7093 /* AudioPlayer.swift in Sources */,
				7FF1B95127AB80850062895E /* UIView + Preview.swift in Sources */,
			);
			runOnlyForDeploymentPostprocessing = 0;
		};
/* End PBXSourcesBuildPhase section */

/* Begin PBXVariantGroup section */
		7F6F208B27978C7A00636A3B /* Main.storyboard */ = {
			isa = PBXVariantGroup;
			children = (
				7F6F208C27978C7A00636A3B /* Base */,
			);
			name = Main.storyboard;
			sourceTree = "<group>";
		};
		7F6F209027978C7C00636A3B /* LaunchScreen.storyboard */ = {
			isa = PBXVariantGroup;
			children = (
				7F6F209127978C7C00636A3B /* Base */,
			);
			name = LaunchScreen.storyboard;
			sourceTree = "<group>";
		};
/* End PBXVariantGroup section */

/* Begin XCBuildConfiguration section */
		7F6F209327978C7C00636A3B /* Debug */ = {
			isa = XCBuildConfiguration;
			buildSettings = {
				ALWAYS_SEARCH_USER_PATHS = NO;
				CLANG_ANALYZER_NONNULL = YES;
				CLANG_ANALYZER_NUMBER_OBJECT_CONVERSION = YES_AGGRESSIVE;
				CLANG_CXX_LANGUAGE_STANDARD = "gnu++17";
				CLANG_CXX_LIBRARY = "libc++";
				CLANG_ENABLE_MODULES = YES;
				CLANG_ENABLE_OBJC_ARC = YES;
				CLANG_ENABLE_OBJC_WEAK = YES;
				CLANG_WARN_BLOCK_CAPTURE_AUTORELEASING = YES;
				CLANG_WARN_BOOL_CONVERSION = YES;
				CLANG_WARN_COMMA = YES;
				CLANG_WARN_CONSTANT_CONVERSION = YES;
				CLANG_WARN_DEPRECATED_OBJC_IMPLEMENTATIONS = YES;
				CLANG_WARN_DIRECT_OBJC_ISA_USAGE = YES_ERROR;
				CLANG_WARN_DOCUMENTATION_COMMENTS = YES;
				CLANG_WARN_EMPTY_BODY = YES;
				CLANG_WARN_ENUM_CONVERSION = YES;
				CLANG_WARN_INFINITE_RECURSION = YES;
				CLANG_WARN_INT_CONVERSION = YES;
				CLANG_WARN_NON_LITERAL_NULL_CONVERSION = YES;
				CLANG_WARN_OBJC_IMPLICIT_RETAIN_SELF = YES;
				CLANG_WARN_OBJC_LITERAL_CONVERSION = YES;
				CLANG_WARN_OBJC_ROOT_CLASS = YES_ERROR;
				CLANG_WARN_QUOTED_INCLUDE_IN_FRAMEWORK_HEADER = YES;
				CLANG_WARN_RANGE_LOOP_ANALYSIS = YES;
				CLANG_WARN_STRICT_PROTOTYPES = YES;
				CLANG_WARN_SUSPICIOUS_MOVE = YES;
				CLANG_WARN_UNGUARDED_AVAILABILITY = YES_AGGRESSIVE;
				CLANG_WARN_UNREACHABLE_CODE = YES;
				CLANG_WARN__DUPLICATE_METHOD_MATCH = YES;
				COPY_PHASE_STRIP = NO;
				DEBUG_INFORMATION_FORMAT = dwarf;
				ENABLE_STRICT_OBJC_MSGSEND = YES;
				ENABLE_TESTABILITY = YES;
				GCC_C_LANGUAGE_STANDARD = gnu11;
				GCC_DYNAMIC_NO_PIC = NO;
				GCC_NO_COMMON_BLOCKS = YES;
				GCC_OPTIMIZATION_LEVEL = 0;
				GCC_PREPROCESSOR_DEFINITIONS = (
					"DEBUG=1",
					"$(inherited)",
				);
				GCC_WARN_64_TO_32_BIT_CONVERSION = YES;
				GCC_WARN_ABOUT_RETURN_TYPE = YES_ERROR;
				GCC_WARN_UNDECLARED_SELECTOR = YES;
				GCC_WARN_UNINITIALIZED_AUTOS = YES_AGGRESSIVE;
				GCC_WARN_UNUSED_FUNCTION = YES;
				GCC_WARN_UNUSED_VARIABLE = YES;
				IPHONEOS_DEPLOYMENT_TARGET = 15.2;
				MTL_ENABLE_DEBUG_INFO = INCLUDE_SOURCE;
				MTL_FAST_MATH = YES;
				ONLY_ACTIVE_ARCH = YES;
				SDKROOT = iphoneos;
				SWIFT_ACTIVE_COMPILATION_CONDITIONS = DEBUG;
				SWIFT_OPTIMIZATION_LEVEL = "-Onone";
			};
			name = Debug;
		};
		7F6F209427978C7C00636A3B /* Release */ = {
			isa = XCBuildConfiguration;
			buildSettings = {
				ALWAYS_SEARCH_USER_PATHS = NO;
				CLANG_ANALYZER_NONNULL = YES;
				CLANG_ANALYZER_NUMBER_OBJECT_CONVERSION = YES_AGGRESSIVE;
				CLANG_CXX_LANGUAGE_STANDARD = "gnu++17";
				CLANG_CXX_LIBRARY = "libc++";
				CLANG_ENABLE_MODULES = YES;
				CLANG_ENABLE_OBJC_ARC = YES;
				CLANG_ENABLE_OBJC_WEAK = YES;
				CLANG_WARN_BLOCK_CAPTURE_AUTORELEASING = YES;
				CLANG_WARN_BOOL_CONVERSION = YES;
				CLANG_WARN_COMMA = YES;
				CLANG_WARN_CONSTANT_CONVERSION = YES;
				CLANG_WARN_DEPRECATED_OBJC_IMPLEMENTATIONS = YES;
				CLANG_WARN_DIRECT_OBJC_ISA_USAGE = YES_ERROR;
				CLANG_WARN_DOCUMENTATION_COMMENTS = YES;
				CLANG_WARN_EMPTY_BODY = YES;
				CLANG_WARN_ENUM_CONVERSION = YES;
				CLANG_WARN_INFINITE_RECURSION = YES;
				CLANG_WARN_INT_CONVERSION = YES;
				CLANG_WARN_NON_LITERAL_NULL_CONVERSION = YES;
				CLANG_WARN_OBJC_IMPLICIT_RETAIN_SELF = YES;
				CLANG_WARN_OBJC_LITERAL_CONVERSION = YES;
				CLANG_WARN_OBJC_ROOT_CLASS = YES_ERROR;
				CLANG_WARN_QUOTED_INCLUDE_IN_FRAMEWORK_HEADER = YES;
				CLANG_WARN_RANGE_LOOP_ANALYSIS = YES;
				CLANG_WARN_STRICT_PROTOTYPES = YES;
				CLANG_WARN_SUSPICIOUS_MOVE = YES;
				CLANG_WARN_UNGUARDED_AVAILABILITY = YES_AGGRESSIVE;
				CLANG_WARN_UNREACHABLE_CODE = YES;
				CLANG_WARN__DUPLICATE_METHOD_MATCH = YES;
				COPY_PHASE_STRIP = NO;
				DEBUG_INFORMATION_FORMAT = "dwarf-with-dsym";
				ENABLE_NS_ASSERTIONS = NO;
				ENABLE_STRICT_OBJC_MSGSEND = YES;
				GCC_C_LANGUAGE_STANDARD = gnu11;
				GCC_NO_COMMON_BLOCKS = YES;
				GCC_WARN_64_TO_32_BIT_CONVERSION = YES;
				GCC_WARN_ABOUT_RETURN_TYPE = YES_ERROR;
				GCC_WARN_UNDECLARED_SELECTOR = YES;
				GCC_WARN_UNINITIALIZED_AUTOS = YES_AGGRESSIVE;
				GCC_WARN_UNUSED_FUNCTION = YES;
				GCC_WARN_UNUSED_VARIABLE = YES;
				IPHONEOS_DEPLOYMENT_TARGET = 15.2;
				MTL_ENABLE_DEBUG_INFO = NO;
				MTL_FAST_MATH = YES;
				SDKROOT = iphoneos;
				SWIFT_COMPILATION_MODE = wholemodule;
				SWIFT_OPTIMIZATION_LEVEL = "-O";
				VALIDATE_PRODUCT = YES;
			};
			name = Release;
		};
		7F6F209627978C7C00636A3B /* Debug */ = {
			isa = XCBuildConfiguration;
			buildSettings = {
				ASSETCATALOG_COMPILER_APPICON_NAME = AppIcon;
				ASSETCATALOG_COMPILER_GLOBAL_ACCENT_COLOR_NAME = AccentColor;
				CODE_SIGN_STYLE = Automatic;
				CURRENT_PROJECT_VERSION = 1;
				DEVELOPMENT_TEAM = CX2G82J2TK;
				GENERATE_INFOPLIST_FILE = YES;
				INFOPLIST_KEY_NSCameraUsageDescription = "";
				INFOPLIST_KEY_UIApplicationSupportsIndirectInputEvents = YES;
				INFOPLIST_KEY_UILaunchStoryboardName = LaunchScreen;
				INFOPLIST_KEY_UIMainStoryboardFile = Main;
				INFOPLIST_KEY_UIRequiredDeviceCapabilities = arkit;
				INFOPLIST_KEY_UIStatusBarHidden = YES;
				INFOPLIST_KEY_UISupportedInterfaceOrientations_iPad = "UIInterfaceOrientationPortrait UIInterfaceOrientationPortraitUpsideDown UIInterfaceOrientationLandscapeLeft UIInterfaceOrientationLandscapeRight";
				INFOPLIST_KEY_UISupportedInterfaceOrientations_iPhone = "UIInterfaceOrientationPortrait UIInterfaceOrientationLandscapeLeft UIInterfaceOrientationLandscapeRight";
				IPHONEOS_DEPLOYMENT_TARGET = 13.0;
				LD_RUNPATH_SEARCH_PATHS = (
					"$(inherited)",
					"@executable_path/Frameworks",
				);
				MARKETING_VERSION = 1.0;
				PRODUCT_BUNDLE_IDENTIFIER = com.esikmalazman.PentasReality;
				PRODUCT_NAME = "$(TARGET_NAME)";
				SWIFT_EMIT_LOC_STRINGS = YES;
				SWIFT_VERSION = 5.0;
				TARGETED_DEVICE_FAMILY = "1,2";
			};
			name = Debug;
		};
		7F6F209727978C7C00636A3B /* Release */ = {
			isa = XCBuildConfiguration;
			buildSettings = {
				ASSETCATALOG_COMPILER_APPICON_NAME = AppIcon;
				ASSETCATALOG_COMPILER_GLOBAL_ACCENT_COLOR_NAME = AccentColor;
				CODE_SIGN_STYLE = Automatic;
				CURRENT_PROJECT_VERSION = 1;
				DEVELOPMENT_TEAM = CX2G82J2TK;
				GENERATE_INFOPLIST_FILE = YES;
				INFOPLIST_KEY_NSCameraUsageDescription = "";
				INFOPLIST_KEY_UIApplicationSupportsIndirectInputEvents = YES;
				INFOPLIST_KEY_UILaunchStoryboardName = LaunchScreen;
				INFOPLIST_KEY_UIMainStoryboardFile = Main;
				INFOPLIST_KEY_UIRequiredDeviceCapabilities = arkit;
				INFOPLIST_KEY_UIStatusBarHidden = YES;
				INFOPLIST_KEY_UISupportedInterfaceOrientations_iPad = "UIInterfaceOrientationPortrait UIInterfaceOrientationPortraitUpsideDown UIInterfaceOrientationLandscapeLeft UIInterfaceOrientationLandscapeRight";
				INFOPLIST_KEY_UISupportedInterfaceOrientations_iPhone = "UIInterfaceOrientationPortrait UIInterfaceOrientationLandscapeLeft UIInterfaceOrientationLandscapeRight";
				IPHONEOS_DEPLOYMENT_TARGET = 13.0;
				LD_RUNPATH_SEARCH_PATHS = (
					"$(inherited)",
					"@executable_path/Frameworks",
				);
				MARKETING_VERSION = 1.0;
				PRODUCT_BUNDLE_IDENTIFIER = com.esikmalazman.PentasReality;
				PRODUCT_NAME = "$(TARGET_NAME)";
				SWIFT_EMIT_LOC_STRINGS = YES;
				SWIFT_VERSION = 5.0;
				TARGETED_DEVICE_FAMILY = "1,2";
			};
			name = Release;
		};
/* End XCBuildConfiguration section */

/* Begin XCConfigurationList section */
		7F6F207D27978C7A00636A3B /* Build configuration list for PBXProject "PentasReality" */ = {
			isa = XCConfigurationList;
			buildConfigurations = (
				7F6F209327978C7C00636A3B /* Debug */,
				7F6F209427978C7C00636A3B /* Release */,
			);
			defaultConfigurationIsVisible = 0;
			defaultConfigurationName = Release;
		};
		7F6F209527978C7C00636A3B /* Build configuration list for PBXNativeTarget "PentasReality" */ = {
			isa = XCConfigurationList;
			buildConfigurations = (
				7F6F209627978C7C00636A3B /* Debug */,
				7F6F209727978C7C00636A3B /* Release */,
			);
			defaultConfigurationIsVisible = 0;
			defaultConfigurationName = Release;
		};
/* End XCConfigurationList section */
	};
	rootObject = 7F6F207A27978C7A00636A3B /* Project object */;
}
